// !$*UTF8*$!
{
	archiveVersion = 1;
	classes = {
	};
	objectVersion = 48;
	objects = {

/* Begin PBXBuildFile section */
		4FC1BB5E1FF37C84000EE994 /* AppDelegate.swift in Sources */ = {isa = PBXBuildFile; fileRef = 4FC1BB5D1FF37C84000EE994 /* AppDelegate.swift */; };
		4FC1BB601FF37C84000EE994 /* ViewController.swift in Sources */ = {isa = PBXBuildFile; fileRef = 4FC1BB5F1FF37C84000EE994 /* ViewController.swift */; };
		4FC1BB631FF37C84000EE994 /* Main.storyboard in Resources */ = {isa = PBXBuildFile; fileRef = 4FC1BB611FF37C84000EE994 /* Main.storyboard */; };
		4FC1BB651FF37C84000EE994 /* Assets.xcassets in Resources */ = {isa = PBXBuildFile; fileRef = 4FC1BB641FF37C84000EE994 /* Assets.xcassets */; };
		4FC1BB681FF37C84000EE994 /* LaunchScreen.storyboard in Resources */ = {isa = PBXBuildFile; fileRef = 4FC1BB661FF37C84000EE994 /* LaunchScreen.storyboard */; };
		4FC1BB731FF37C84000EE994 /* TipCalcTests.swift in Sources */ = {isa = PBXBuildFile; fileRef = 4FC1BB721FF37C84000EE994 /* TipCalcTests.swift */; };
		4FC1BB7E1FF37C84000EE994 /* TipCalcUITests.swift in Sources */ = {isa = PBXBuildFile; fileRef = 4FC1BB7D1FF37C84000EE994 /* TipCalcUITests.swift */; };
/* End PBXBuildFile section */

/* Begin PBXContainerItemProxy section */
		4FC1BB6F1FF37C84000EE994 /* PBXContainerItemProxy */ = {
			isa = PBXContainerItemProxy;
			containerPortal = 4FC1BB521FF37C84000EE994 /* Project object */;
			proxyType = 1;
			remoteGlobalIDString = 4FC1BB591FF37C84000EE994;
			remoteInfo = TipCalc;
		};
		4FC1BB7A1FF37C84000EE994 /* PBXContainerItemProxy */ = {
			isa = PBXContainerItemProxy;
			containerPortal = 4FC1BB521FF37C84000EE994 /* Project object */;
			proxyType = 1;
			remoteGlobalIDString = 4FC1BB591FF37C84000EE994;
			remoteInfo = TipCalc;
		};
/* End PBXContainerItemProxy section */

/* Begin PBXFileReference section */
		4FC1BB5A1FF37C84000EE994 /* TipCalc.app */ = {isa = PBXFileReference; explicitFileType = wrapper.application; includeInIndex = 0; path = TipCalc.app; sourceTree = BUILT_PRODUCTS_DIR; };
		4FC1BB5D1FF37C84000EE994 /* AppDelegate.swift */ = {isa = PBXFileReference; lastKnownFileType = sourcecode.swift; path = AppDelegate.swift; sourceTree = "<group>"; };
		4FC1BB5F1FF37C84000EE994 /* ViewController.swift */ = {isa = PBXFileReference; lastKnownFileType = sourcecode.swift; path = ViewController.swift; sourceTree = "<group>"; };
		4FC1BB621FF37C84000EE994 /* Base */ = {isa = PBXFileReference; lastKnownFileType = file.storyboard; name = Base; path = Base.lproj/Main.storyboard; sourceTree = "<group>"; };
		4FC1BB641FF37C84000EE994 /* Assets.xcassets */ = {isa = PBXFileReference; lastKnownFileType = folder.assetcatalog; path = Assets.xcassets; sourceTree = "<group>"; };
		4FC1BB671FF37C84000EE994 /* Base */ = {isa = PBXFileReference; lastKnownFileType = file.storyboard; name = Base; path = Base.lproj/LaunchScreen.storyboard; sourceTree = "<group>"; };
		4FC1BB691FF37C84000EE994 /* Info.plist */ = {isa = PBXFileReference; lastKnownFileType = text.plist.xml; path = Info.plist; sourceTree = "<group>"; };
		4FC1BB6E1FF37C84000EE994 /* TipCalcTests.xctest */ = {isa = PBXFileReference; explicitFileType = wrapper.cfbundle; includeInIndex = 0; path = TipCalcTests.xctest; sourceTree = BUILT_PRODUCTS_DIR; };
		4FC1BB721FF37C84000EE994 /* TipCalcTests.swift */ = {isa = PBXFileReference; lastKnownFileType = sourcecode.swift; path = TipCalcTests.swift; sourceTree = "<group>"; };
		4FC1BB741FF37C84000EE994 /* Info.plist */ = {isa = PBXFileReference; lastKnownFileType = text.plist.xml; path = Info.plist; sourceTree = "<group>"; };
		4FC1BB791FF37C84000EE994 /* TipCalcUITests.xctest */ = {isa = PBXFileReference; explicitFileType = wrapper.cfbundle; includeInIndex = 0; path = TipCalcUITests.xctest; sourceTree = BUILT_PRODUCTS_DIR; };
		4FC1BB7D1FF37C84000EE994 /* TipCalcUITests.swift */ = {isa = PBXFileReference; lastKnownFileType = sourcecode.swift; path = TipCalcUITests.swift; sourceTree = "<group>"; };
		4FC1BB7F1FF37C84000EE994 /* Info.plist */ = {isa = PBXFileReference; lastKnownFileType = text.plist.xml; path = Info.plist; sourceTree = "<group>"; };
/* End PBXFileReference section */

/* Begin PBXFrameworksBuildPhase section */
		4FC1BB571FF37C84000EE994 /* Frameworks */ = {
			isa = PBXFrameworksBuildPhase;
			buildActionMask = 2147483647;
			files = (
			);
			runOnlyForDeploymentPostprocessing = 0;
		};
		4FC1BB6B1FF37C84000EE994 /* Frameworks */ = {
			isa = PBXFrameworksBuildPhase;
			buildActionMask = 2147483647;
			files = (
			);
			runOnlyForDeploymentPostprocessing = 0;
		};
		4FC1BB761FF37C84000EE994 /* Frameworks */ = {
			isa = PBXFrameworksBuildPhase;
			buildActionMask = 2147483647;
			files = (
			);
			runOnlyForDeploymentPostprocessing = 0;
		};
/* End PBXFrameworksBuildPhase section */

/* Begin PBXGroup section */
		4FC1BB511FF37C84000EE994 = {
			isa = PBXGroup;
			children = (
				4FC1BB5C1FF37C84000EE994 /* TipCalc */,
				4FC1BB711FF37C84000EE994 /* TipCalcTests */,
				4FC1BB7C1FF37C84000EE994 /* TipCalcUITests */,
				4FC1BB5B1FF37C84000EE994 /* Products */,
			);
			sourceTree = "<group>";
		};
		4FC1BB5B1FF37C84000EE994 /* Products */ = {
			isa = PBXGroup;
			children = (
				4FC1BB5A1FF37C84000EE994 /* TipCalc.app */,
				4FC1BB6E1FF37C84000EE994 /* TipCalcTests.xctest */,
				4FC1BB791FF37C84000EE994 /* TipCalcUITests.xctest */,
			);
			name = Products;
			sourceTree = "<group>";
		};
		4FC1BB5C1FF37C84000EE994 /* TipCalc */ = {
			isa = PBXGroup;
			children = (
				4FC1BB5D1FF37C84000EE994 /* AppDelegate.swift */,
				4FC1BB5F1FF37C84000EE994 /* ViewController.swift */,
				4FC1BB611FF37C84000EE994 /* Main.storyboard */,
				4FC1BB641FF37C84000EE994 /* Assets.xcassets */,
				4FC1BB661FF37C84000EE994 /* LaunchScreen.storyboard */,
				4FC1BB691FF37C84000EE994 /* Info.plist */,
			);
			path = TipCalc;
			sourceTree = "<group>";
		};
		4FC1BB711FF37C84000EE994 /* TipCalcTests */ = {
			isa = PBXGroup;
			children = (
				4FC1BB721FF37C84000EE994 /* TipCalcTests.swift */,
				4FC1BB741FF37C84000EE994 /* Info.plist */,
			);
			path = TipCalcTests;
			sourceTree = "<group>";
		};
		4FC1BB7C1FF37C84000EE994 /* TipCalcUITests */ = {
			isa = PBXGroup;
			children = (
				4FC1BB7D1FF37C84000EE994 /* TipCalcUITests.swift */,
				4FC1BB7F1FF37C84000EE994 /* Info.plist */,
			);
			path = TipCalcUITests;
			sourceTree = "<group>";
		};
/* End PBXGroup section */

/* Begin PBXNativeTarget section */
		4FC1BB591FF37C84000EE994 /* TipCalc */ = {
			isa = PBXNativeTarget;
			buildConfigurationList = 4FC1BB821FF37C84000EE994 /* Build configuration list for PBXNativeTarget "TipCalc" */;
			buildPhases = (
				4FC1BB561FF37C84000EE994 /* Sources */,
				4FC1BB571FF37C84000EE994 /* Frameworks */,
				4FC1BB581FF37C84000EE994 /* Resources */,
			);
			buildRules = (
			);
			dependencies = (
			);
			name = TipCalc;
			productName = TipCalc;
			productReference = 4FC1BB5A1FF37C84000EE994 /* TipCalc.app */;
			productType = "com.apple.product-type.application";
		};
		4FC1BB6D1FF37C84000EE994 /* TipCalcTests */ = {
			isa = PBXNativeTarget;
			buildConfigurationList = 4FC1BB851FF37C84000EE994 /* Build configuration list for PBXNativeTarget "TipCalcTests" */;
			buildPhases = (
				4FC1BB6A1FF37C84000EE994 /* Sources */,
				4FC1BB6B1FF37C84000EE994 /* Frameworks */,
				4FC1BB6C1FF37C84000EE994 /* Resources */,
			);
			buildRules = (
			);
			dependencies = (
				4FC1BB701FF37C84000EE994 /* PBXTargetDependency */,
			);
			name = TipCalcTests;
			productName = TipCalcTests;
			productReference = 4FC1BB6E1FF37C84000EE994 /* TipCalcTests.xctest */;
			productType = "com.apple.product-type.bundle.unit-test";
		};
		4FC1BB781FF37C84000EE994 /* TipCalcUITests */ = {
			isa = PBXNativeTarget;
			buildConfigurationList = 4FC1BB881FF37C84000EE994 /* Build configuration list for PBXNativeTarget "TipCalcUITests" */;
			buildPhases = (
				4FC1BB751FF37C84000EE994 /* Sources */,
				4FC1BB761FF37C84000EE994 /* Frameworks */,
				4FC1BB771FF37C84000EE994 /* Resources */,
			);
			buildRules = (
			);
			dependencies = (
				4FC1BB7B1FF37C84000EE994 /* PBXTargetDependency */,
			);
			name = TipCalcUITests;
			productName = TipCalcUITests;
			productReference = 4FC1BB791FF37C84000EE994 /* TipCalcUITests.xctest */;
			productType = "com.apple.product-type.bundle.ui-testing";
		};
/* End PBXNativeTarget section */

/* Begin PBXProject section */
		4FC1BB521FF37C84000EE994 /* Project object */ = {
			isa = PBXProject;
			attributes = {
				LastSwiftUpdateCheck = 0920;
				LastUpgradeCheck = 1010;
				ORGANIZATIONNAME = "Debarshi Kundu";
				TargetAttributes = {
					4FC1BB591FF37C84000EE994 = {
						CreatedOnToolsVersion = 9.2;
						LastSwiftMigration = 1010;
						ProvisioningStyle = Automatic;
					};
					4FC1BB6D1FF37C84000EE994 = {
						CreatedOnToolsVersion = 9.2;
						LastSwiftMigration = 1010;
						ProvisioningStyle = Automatic;
						TestTargetID = 4FC1BB591FF37C84000EE994;
					};
					4FC1BB781FF37C84000EE994 = {
						CreatedOnToolsVersion = 9.2;
						LastSwiftMigration = 1010;
						ProvisioningStyle = Automatic;
						TestTargetID = 4FC1BB591FF37C84000EE994;
					};
				};
			};
			buildConfigurationList = 4FC1BB551FF37C84000EE994 /* Build configuration list for PBXProject "TipCalc" */;
			compatibilityVersion = "Xcode 8.0";
			developmentRegion = en;
			hasScannedForEncodings = 0;
			knownRegions = (
				en,
				Base,
			);
			mainGroup = 4FC1BB511FF37C84000EE994;
			productRefGroup = 4FC1BB5B1FF37C84000EE994 /* Products */;
			projectDirPath = "";
			projectRoot = "";
			targets = (
				4FC1BB591FF37C84000EE994 /* TipCalc */,
				4FC1BB6D1FF37C84000EE994 /* TipCalcTests */,
				4FC1BB781FF37C84000EE994 /* TipCalcUITests */,
			);
		};
/* End PBXProject section */

/* Begin PBXResourcesBuildPhase section */
		4FC1BB581FF37C84000EE994 /* Resources */ = {
			isa = PBXResourcesBuildPhase;
			buildActionMask = 2147483647;
			files = (
				4FC1BB681FF37C84000EE994 /* LaunchScreen.storyboard in Resources */,
				4FC1BB651FF37C84000EE994 /* Assets.xcassets in Resources */,
				4FC1BB631FF37C84000EE994 /* Main.storyboard in Resources */,
			);
			runOnlyForDeploymentPostprocessing = 0;
		};
		4FC1BB6C1FF37C84000EE994 /* Resources */ = {
			isa = PBXResourcesBuildPhase;
			buildActionMask = 2147483647;
			files = (
			);
			runOnlyForDeploymentPostprocessing = 0;
		};
		4FC1BB771FF37C84000EE994 /* Resources */ = {
			isa = PBXResourcesBuildPhase;
			buildActionMask = 2147483647;
			files = (
			);
			runOnlyForDeploymentPostprocessing = 0;
		};
/* End PBXResourcesBuildPhase section */

/* Begin PBXSourcesBuildPhase section */
		4FC1BB561FF37C84000EE994 /* Sources */ = {
			isa = PBXSourcesBuildPhase;
			buildActionMask = 2147483647;
			files = (
				4FC1BB601FF37C84000EE994 /* ViewController.swift in Sources */,
				4FC1BB5E1FF37C84000EE994 /* AppDelegate.swift in Sources */,
			);
			runOnlyForDeploymentPostprocessing = 0;
		};
		4FC1BB6A1FF37C84000EE994 /* Sources */ = {
			isa = PBXSourcesBuildPhase;
			buildActionMask = 2147483647;
			files = (
				4FC1BB731FF37C84000EE994 /* TipCalcTests.swift in Sources */,
			);
			runOnlyForDeploymentPostprocessing = 0;
		};
		4FC1BB751FF37C84000EE994 /* Sources */ = {
			isa = PBXSourcesBuildPhase;
			buildActionMask = 2147483647;
			files = (
				4FC1BB7E1FF37C84000EE994 /* TipCalcUITests.swift in Sources */,
			);
			runOnlyForDeploymentPostprocessing = 0;
		};
/* End PBXSourcesBuildPhase section */

/* Begin PBXTargetDependency section */
		4FC1BB701FF37C84000EE994 /* PBXTargetDependency */ = {
			isa = PBXTargetDependency;
			target = 4FC1BB591FF37C84000EE994 /* TipCalc */;
			targetProxy = 4FC1BB6F1FF37C84000EE994 /* PBXContainerItemProxy */;
		};
		4FC1BB7B1FF37C84000EE994 /* PBXTargetDependency */ = {
			isa = PBXTargetDependency;
			target = 4FC1BB591FF37C84000EE994 /* TipCalc */;
			targetProxy = 4FC1BB7A1FF37C84000EE994 /* PBXContainerItemProxy */;
		};
/* End PBXTargetDependency section */

/* Begin PBXVariantGroup section */
		4FC1BB611FF37C84000EE994 /* Main.storyboard */ = {
			isa = PBXVariantGroup;
			children = (
				4FC1BB621FF37C84000EE994 /* Base */,
			);
			name = Main.storyboard;
			sourceTree = "<group>";
		};
		4FC1BB661FF37C84000EE994 /* LaunchScreen.storyboard */ = {
			isa = PBXVariantGroup;
			children = (
				4FC1BB671FF37C84000EE994 /* Base */,
			);
			name = LaunchScreen.storyboard;
			sourceTree = "<group>";
		};
/* End PBXVariantGroup section */

/* Begin XCBuildConfiguration section */
		4FC1BB801FF37C84000EE994 /* Debug */ = {
			isa = XCBuildConfiguration;
			buildSettings = {
				ALWAYS_SEARCH_USER_PATHS = NO;
				CLANG_ANALYZER_NONNULL = YES;
				CLANG_ANALYZER_NUMBER_OBJECT_CONVERSION = YES_AGGRESSIVE;
				CLANG_CXX_LANGUAGE_STANDARD = "gnu++14";
				CLANG_CXX_LIBRARY = "libc++";
				CLANG_ENABLE_MODULES = YES;
				CLANG_ENABLE_OBJC_ARC = YES;
				CLANG_WARN_BLOCK_CAPTURE_AUTORELEASING = YES;
				CLANG_WARN_BOOL_CONVERSION = YES;
				CLANG_WARN_COMMA = YES;
				CLANG_WARN_CONSTANT_CONVERSION = YES;
				CLANG_WARN_DEPRECATED_OBJC_IMPLEMENTATIONS = YES;
				CLANG_WARN_DIRECT_OBJC_ISA_USAGE = YES_ERROR;
				CLANG_WARN_DOCUMENTATION_COMMENTS = YES;
				CLANG_WARN_EMPTY_BODY = YES;
				CLANG_WARN_ENUM_CONVERSION = YES;
				CLANG_WARN_INFINITE_RECURSION = YES;
				CLANG_WARN_INT_CONVERSION = YES;
				CLANG_WARN_NON_LITERAL_NULL_CONVERSION = YES;
				CLANG_WARN_OBJC_IMPLICIT_RETAIN_SELF = YES;
				CLANG_WARN_OBJC_LITERAL_CONVERSION = YES;
				CLANG_WARN_OBJC_ROOT_CLASS = YES_ERROR;
				CLANG_WARN_RANGE_LOOP_ANALYSIS = YES;
				CLANG_WARN_STRICT_PROTOTYPES = YES;
				CLANG_WARN_SUSPICIOUS_MOVE = YES;
				CLANG_WARN_UNGUARDED_AVAILABILITY = YES_AGGRESSIVE;
				CLANG_WARN_UNREACHABLE_CODE = YES;
				CLANG_WARN__DUPLICATE_METHOD_MATCH = YES;
				CODE_SIGN_IDENTITY = "iPhone Developer";
				COPY_PHASE_STRIP = NO;
				DEBUG_INFORMATION_FORMAT = dwarf;
				ENABLE_STRICT_OBJC_MSGSEND = YES;
				ENABLE_TESTABILITY = YES;
				GCC_C_LANGUAGE_STANDARD = gnu11;
				GCC_DYNAMIC_NO_PIC = NO;
				GCC_NO_COMMON_BLOCKS = YES;
				GCC_OPTIMIZATION_LEVEL = 0;
				GCC_PREPROCESSOR_DEFINITIONS = (
					"DEBUG=1",
					"$(inherited)",
				);
				GCC_WARN_64_TO_32_BIT_CONVERSION = YES;
				GCC_WARN_ABOUT_RETURN_TYPE = YES_ERROR;
				GCC_WARN_UNDECLARED_SELECTOR = YES;
				GCC_WARN_UNINITIALIZED_AUTOS = YES_AGGRESSIVE;
				GCC_WARN_UNUSED_FUNCTION = YES;
				GCC_WARN_UNUSED_VARIABLE = YES;
				IPHONEOS_DEPLOYMENT_TARGET = 11.2;
				MTL_ENABLE_DEBUG_INFO = YES;
				ONLY_ACTIVE_ARCH = YES;
				SDKROOT = iphoneos;
				SWIFT_ACTIVE_COMPILATION_CONDITIONS = DEBUG;
				SWIFT_OPTIMIZATION_LEVEL = "-Onone";
			};
			name = Debug;
		};
		4FC1BB811FF37C84000EE994 /* Release */ = {
			isa = XCBuildConfiguration;
			buildSettings = {
				ALWAYS_SEARCH_USER_PATHS = NO;
				CLANG_ANALYZER_NONNULL = YES;
				CLANG_ANALYZER_NUMBER_OBJECT_CONVERSION = YES_AGGRESSIVE;
				CLANG_CXX_LANGUAGE_STANDARD = "gnu++14";
				CLANG_CXX_LIBRARY = "libc++";
				CLANG_ENABLE_MODULES = YES;
				CLANG_ENABLE_OBJC_ARC = YES;
				CLANG_WARN_BLOCK_CAPTURE_AUTORELEASING = YES;
				CLANG_WARN_BOOL_CONVERSION = YES;
				CLANG_WARN_COMMA = YES;
				CLANG_WARN_CONSTANT_CONVERSION = YES;
				CLANG_WARN_DEPRECATED_OBJC_IMPLEMENTATIONS = YES;
				CLANG_WARN_DIRECT_OBJC_ISA_USAGE = YES_ERROR;
				CLANG_WARN_DOCUMENTATION_COMMENTS = YES;
				CLANG_WARN_EMPTY_BODY = YES;
				CLANG_WARN_ENUM_CONVERSION = YES;
				CLANG_WARN_INFINITE_RECURSION = YES;
				CLANG_WARN_INT_CONVERSION = YES;
				CLANG_WARN_NON_LITERAL_NULL_CONVERSION = YES;
				CLANG_WARN_OBJC_IMPLICIT_RETAIN_SELF = YES;
				CLANG_WARN_OBJC_LITERAL_CONVERSION = YES;
				CLANG_WARN_OBJC_ROOT_CLASS = YES_ERROR;
				CLANG_WARN_RANGE_LOOP_ANALYSIS = YES;
				CLANG_WARN_STRICT_PROTOTYPES = YES;
				CLANG_WARN_SUSPICIOUS_MOVE = YES;
				CLANG_WARN_UNGUARDED_AVAILABILITY = YES_AGGRESSIVE;
				CLANG_WARN_UNREACHABLE_CODE = YES;
				CLANG_WARN__DUPLICATE_METHOD_MATCH = YES;
				CODE_SIGN_IDENTITY = "iPhone Developer";
				COPY_PHASE_STRIP = NO;
				DEBUG_INFORMATION_FORMAT = "dwarf-with-dsym";
				ENABLE_NS_ASSERTIONS = NO;
				ENABLE_STRICT_OBJC_MSGSEND = YES;
				GCC_C_LANGUAGE_STANDARD = gnu11;
				GCC_NO_COMMON_BLOCKS = YES;
				GCC_WARN_64_TO_32_BIT_CONVERSION = YES;
				GCC_WARN_ABOUT_RETURN_TYPE = YES_ERROR;
				GCC_WARN_UNDECLARED_SELECTOR = YES;
				GCC_WARN_UNINITIALIZED_AUTOS = YES_AGGRESSIVE;
				GCC_WARN_UNUSED_FUNCTION = YES;
				GCC_WARN_UNUSED_VARIABLE = YES;
				IPHONEOS_DEPLOYMENT_TARGET = 11.2;
				MTL_ENABLE_DEBUG_INFO = NO;
				SDKROOT = iphoneos;
				SWIFT_OPTIMIZATION_LEVEL = "-Owholemodule";
				VALIDATE_PRODUCT = YES;
			};
			name = Release;
		};
		4FC1BB831FF37C84000EE994 /* Debug */ = {
			isa = XCBuildConfiguration;
			buildSettings = {
				ASSETCATALOG_COMPILER_APPICON_NAME = AppIcon;
				CODE_SIGN_STYLE = Automatic;
				INFOPLIST_FILE = TipCalc/Info.plist;
				LD_RUNPATH_SEARCH_PATHS = "$(inherited) @executable_path/Frameworks";
				PRODUCT_BUNDLE_IDENTIFIER = com.Kathie.TipCalc;
				PRODUCT_NAME = "$(TARGET_NAME)";
				SWIFT_VERSION = 4.2;
				TARGETED_DEVICE_FAMILY = "1,2";
			};
			name = Debug;
		};
		4FC1BB841FF37C84000EE994 /* Release */ = {
			isa = XCBuildConfiguration;
			buildSettings = {
				ASSETCATALOG_COMPILER_APPICON_NAME = AppIcon;
				CODE_SIGN_STYLE = Automatic;
				INFOPLIST_FILE = TipCalc/Info.plist;
				LD_RUNPATH_SEARCH_PATHS = "$(inherited) @executable_path/Frameworks";
				PRODUCT_BUNDLE_IDENTIFIER = com.Kathie.TipCalc;
				PRODUCT_NAME = "$(TARGET_NAME)";
				SWIFT_VERSION = 4.2;
				TARGETED_DEVICE_FAMILY = "1,2";
			};
			name = Release;
		};
		4FC1BB861FF37C84000EE994 /* Debug */ = {
			isa = XCBuildConfiguration;
			buildSettings = {
				ALWAYS_EMBED_SWIFT_STANDARD_LIBRARIES = YES;
				BUNDLE_LOADER = "$(TEST_HOST)";
				CODE_SIGN_STYLE = Automatic;
				INFOPLIST_FILE = TipCalcTests/Info.plist;
				LD_RUNPATH_SEARCH_PATHS = "$(inherited) @executable_path/Frameworks @loader_path/Frameworks";
				PRODUCT_BUNDLE_IDENTIFIER = com.Kathie.TipCalcTests;
				PRODUCT_NAME = "$(TARGET_NAME)";
				SWIFT_VERSION = 4.2;
				TARGETED_DEVICE_FAMILY = "1,2";
				TEST_HOST = "$(BUILT_PRODUCTS_DIR)/TipCalc.app/TipCalc";
			};
			name = Debug;
		};
		4FC1BB871FF37C84000EE994 /* Release */ = {
			isa = XCBuildConfiguration;
			buildSettings = {
				ALWAYS_EMBED_SWIFT_STANDARD_LIBRARIES = YES;
				BUNDLE_LOADER = "$(TEST_HOST)";
				CODE_SIGN_STYLE = Automatic;
				INFOPLIST_FILE = TipCalcTests/Info.plist;
				LD_RUNPATH_SEARCH_PATHS = "$(inherited) @executable_path/Frameworks @loader_path/Frameworks";
				PRODUCT_BUNDLE_IDENTIFIER = com.Kathie.TipCalcTests;
				PRODUCT_NAME = "$(TARGET_NAME)";
				SWIFT_VERSION = 4.2;
				TARGETED_DEVICE_FAMILY = "1,2";
				TEST_HOST = "$(BUILT_PRODUCTS_DIR)/TipCalc.app/TipCalc";
			};
			name = Release;
		};
		4FC1BB891FF37C84000EE994 /* Debug */ = {
			isa = XCBuildConfiguration;
			buildSettings = {
				ALWAYS_EMBED_SWIFT_STANDARD_LIBRARIES = YES;
				CODE_SIGN_STYLE = Automatic;
				INFOPLIST_FILE = TipCalcUITests/Info.plist;
				LD_RUNPATH_SEARCH_PATHS = "$(inherited) @executable_path/Frameworks @loader_path/Frameworks";
				PRODUCT_BUNDLE_IDENTIFIER = com.Kathie.TipCalcUITests;
				PRODUCT_NAME = "$(TARGET_NAME)";
				SWIFT_VERSION = 4.2;
				TARGETED_DEVICE_FAMILY = "1,2";
				TEST_TARGET_NAME = TipCalc;
			};
			name = Debug;
		};
		4FC1BB8A1FF37C84000EE994 /* Release */ = {
			isa = XCBuildConfiguration;
			buildSettings = {
				ALWAYS_EMBED_SWIFT_STANDARD_LIBRARIES = YES;
				CODE_SIGN_STYLE = Automatic;
				INFOPLIST_FILE = TipCalcUITests/Info.plist;
				LD_RUNPATH_SEARCH_PATHS = "$(inherited) @executable_path/Frameworks @loader_path/Frameworks";
				PRODUCT_BUNDLE_IDENTIFIER = com.Kathie.TipCalcUITests;
				PRODUCT_NAME = "$(TARGET_NAME)";
				SWIFT_VERSION = 4.2;
				TARGETED_DEVICE_FAMILY = "1,2";
				TEST_TARGET_NAME = TipCalc;
			};
			name = Release;
		};
/* End XCBuildConfiguration section */

/* Begin XCConfigurationList section */
		4FC1BB551FF37C84000EE994 /* Build configuration list for PBXProject "TipCalc" */ = {
			isa = XCConfigurationList;
			buildConfigurations = (
				4FC1BB801FF37C84000EE994 /* Debug */,
				4FC1BB811FF37C84000EE994 /* Release */,
			);
			defaultConfigurationIsVisible = 0;
			defaultConfigurationName = Release;
		};
		4FC1BB821FF37C84000EE994 /* Build configuration list for PBXNativeTarget "TipCalc" */ = {
			isa = XCConfigurationList;
			buildConfigurations = (
				4FC1BB831FF37C84000EE994 /* Debug */,
				4FC1BB841FF37C84000EE994 /* Release */,
			);
			defaultConfigurationIsVisible = 0;
			defaultConfigurationName = Release;
		};
		4FC1BB851FF37C84000EE994 /* Build configuration list for PBXNativeTarget "TipCalcTests" */ = {
			isa = XCConfigurationList;
			buildConfigurations = (
				4FC1BB861FF37C84000EE994 /* Debug */,
				4FC1BB871FF37C84000EE994 /* Release */,
			);
			defaultConfigurationIsVisible = 0;
			defaultConfigurationName = Release;
		};
		4FC1BB881FF37C84000EE994 /* Build configuration list for PBXNativeTarget "TipCalcUITests" */ = {
			isa = XCConfigurationList;
			buildConfigurations = (
				4FC1BB891FF37C84000EE994 /* Debug */,
				4FC1BB8A1FF37C84000EE994 /* Release */,
			);
			defaultConfigurationIsVisible = 0;
			defaultConfigurationName = Release;
		};
/* End XCConfigurationList section */
	};
	rootObject = 4FC1BB521FF37C84000EE994 /* Project object */;
}
